<Solution>
  <Folder Name="/src/">
    <Project Path="src/DigitalWallet.Api/DigitalWallet.Api.csproj" />
    <Project Path="src/DigitalWallet.Application/DigitalWallet.Application.csproj" />
    <Project Path="src/DigitalWallet.Domain/DigitalWallet.Domain.csproj" />
    <Project Path="src/DigitalWallet.Infrastructure/DigitalWallet.Infrastructure.csproj" />
  </Folder>
  <Folder Name="/tests/">
    <Project Path="tests/DigitalWallet.Tests/DigitalWallet.Tests.csproj" />
  </Folder>
</Solution>
